
Microsoft Visual Studio Solution File, Format Version 12.00
# Visual Studio Version 16
VisualStudioVersion = 16.0.30621.155
MinimumVisualStudioVersion = 10.0.40219.1
Project("{9A19103F-16F7-4668-BE54-9A1E7A4F7556}") = "Core", "Core\Core.csproj", "{3BBD50DF-8FFE-4500-83B3-F9DD74783B4A}"
EndProject
Project("{FAE04EC0-301F-11D3-BF4B-00C04F79EFBC}") = "CoreTest", "CoreTest\CoreTest.csproj", "{D4D56F0C-FB4B-437F-8AC4-7D558FDFC869}"
EndProject
Global
	GlobalSection(SolutionConfigurationPlatforms) = preSolution
		Debug|Any CPU = Debug|Any CPU
		Release|Any CPU = Release|Any CPU
	EndGlobalSection
	GlobalSection(ProjectConfigurationPlatforms) = postSolution
		{3BBD50DF-8FFE-4500-83B3-F9DD74783B4A}.Debug|Any CPU.ActiveCfg = Debug|Any CPU
		{3BBD50DF-8FFE-4500-83B3-F9DD74783B4A}.Debug|Any CPU.Build.0 = Debug|Any CPU
		{3BBD50DF-8FFE-4500-83B3-F9DD74783B4A}.Release|Any CPU.ActiveCfg = Release|Any CPU
		{3BBD50DF-8FFE-4500-83B3-F9DD74783B4A}.Release|Any CPU.Build.0 = Release|Any CPU
		{D4D56F0C-FB4B-437F-8AC4-7D558FDFC869}.Debug|Any CPU.ActiveCfg = Debug|Any CPU
		{D4D56F0C-FB4B-437F-8AC4-7D558FDFC869}.Debug|Any CPU.Build.0 = Debug|Any CPU
		{D4D56F0C-FB4B-437F-8AC4-7D558FDFC869}.Release|Any CPU.ActiveCfg = Release|Any CPU
		{D4D56F0C-FB4B-437F-8AC4-7D558FDFC869}.Release|Any CPU.Build.0 = Release|Any CPU
	EndGlobalSection
	GlobalSection(SolutionProperties) = preSolution
		HideSolutionNode = FALSE
	EndGlobalSection
	GlobalSection(ExtensibilityGlobals) = postSolution
		SolutionGuid = {93E067D4-3EE5-4F75-9F6C-9750AF939A81}
	EndGlobalSection
EndGlobal
